
Microsoft Visual Studio Solution File, Format Version 12.00
# Visual Studio 15
VisualStudioVersion = 15.0.27130.2003
MinimumVisualStudioVersion = 10.0.40219.1
Project("{E24C65DC-7377-472B-9ABA-BC803B73C61A}") = "UWProjectQ3", "UWProjectQ3\", "{6DE0B05F-9374-417E-96C6-7C7029B1CA14}"
	ProjectSection(WebsiteProperties) = preProject
		TargetFrameworkMoniker = ".NETFramework,Version%3Dv4.6.1"
		Debug.AspNetCompiler.VirtualPath = "/localhost_63513"
		Debug.AspNetCompiler.PhysicalPath = "UWProjectQ3\"
		Debug.AspNetCompiler.TargetPath = "PrecompiledWeb\localhost_63513\"
		Debug.AspNetCompiler.Updateable = "true"
		Debug.AspNetCompiler.ForceOverwrite = "true"
		Debug.AspNetCompiler.FixedNames = "false"
		Debug.AspNetCompiler.Debug = "True"
		Release.AspNetCompiler.VirtualPath = "/localhost_63513"
		Release.AspNetCompiler.PhysicalPath = "UWProjectQ3\"
		Release.AspNetCompiler.TargetPath = "PrecompiledWeb\localhost_63513\"
		Release.AspNetCompiler.Updateable = "true"
		Release.AspNetCompiler.ForceOverwrite = "true"
		Release.AspNetCompiler.FixedNames = "false"
		Release.AspNetCompiler.Debug = "False"
		VWDPort = "63513"
		SlnRelativePath = "UWProjectQ3\"
		DefaultWebSiteLanguage = "Visual C#"
	EndProjectSection
EndProject
Global
	GlobalSection(SolutionConfigurationPlatforms) = preSolution
		Debug|Any CPU = Debug|Any CPU
	EndGlobalSection
	GlobalSection(ProjectConfigurationPlatforms) = postSolution
		{6DE0B05F-9374-417E-96C6-7C7029B1CA14}.Debug|Any CPU.ActiveCfg = Debug|Any CPU
		{6DE0B05F-9374-417E-96C6-7C7029B1CA14}.Debug|Any CPU.Build.0 = Debug|Any CPU
	EndGlobalSection
	GlobalSection(SolutionProperties) = preSolution
		HideSolutionNode = FALSE
	EndGlobalSection
	GlobalSection(ExtensibilityGlobals) = postSolution
		SolutionGuid = {ABCD1050-0F01-4453-ACDF-5F0EAEFA9F89}
	EndGlobalSection
EndGlobal
